
Microsoft Visual Studio Solution File, Format Version 12.00
# Visual Studio Version 17
VisualStudioVersion = 17.6.33723.286
MinimumVisualStudioVersion = 10.0.40219.1
Project("{9A19103F-16F7-4668-BE54-9A1E7A4F7556}") = "WinAppStudentAdmin", "WinAppStudentAdmin\WinAppStudentAdmin.csproj", "{D4D80FB3-F39D-47AC-AB5F-5C11D513D95E}"
EndProject
Project("{9A19103F-16F7-4668-BE54-9A1E7A4F7556}") = "ConsoleStudentAdmin", "ConsoleStudentAdmin\ConsoleStudentAdmin.csproj", "{0D4F16F4-4BDE-4A07-8062-8A2DDD1D749A}"
EndProject
Global
	GlobalSection(SolutionConfigurationPlatforms) = preSolution
		Debug|Any CPU = Debug|Any CPU
		Release|Any CPU = Release|Any CPU
	EndGlobalSection
	GlobalSection(ProjectConfigurationPlatforms) = postSolution
		{D4D80FB3-F39D-47AC-AB5F-5C11D513D95E}.Debug|Any CPU.ActiveCfg = Debug|Any CPU
		{D4D80FB3-F39D-47AC-AB5F-5C11D513D95E}.Debug|Any CPU.Build.0 = Debug|Any CPU
		{D4D80FB3-F39D-47AC-AB5F-5C11D513D95E}.Release|Any CPU.ActiveCfg = Release|Any CPU
		{D4D80FB3-F39D-47AC-AB5F-5C11D513D95E}.Release|Any CPU.Build.0 = Release|Any CPU
		{0D4F16F4-4BDE-4A07-8062-8A2DDD1D749A}.Debug|Any CPU.ActiveCfg = Debug|Any CPU
		{0D4F16F4-4BDE-4A07-8062-8A2DDD1D749A}.Debug|Any CPU.Build.0 = Debug|Any CPU
		{0D4F16F4-4BDE-4A07-8062-8A2DDD1D749A}.Release|Any CPU.ActiveCfg = Release|Any CPU
		{0D4F16F4-4BDE-4A07-8062-8A2DDD1D749A}.Release|Any CPU.Build.0 = Release|Any CPU
	EndGlobalSection
	GlobalSection(SolutionProperties) = preSolution
		HideSolutionNode = FALSE
	EndGlobalSection
	GlobalSection(ExtensibilityGlobals) = postSolution
		SolutionGuid = {C8204797-E0AC-4C98-9F8D-77F863CF772A}
	EndGlobalSection
EndGlobal
